Microsoft Visual Studio Solution File, Format Version 12.00
# Visual Studio Version 17
VisualStudioVersion = 17.5.2.0
MinimumVisualStudioVersion = 10.0.40219.1
Project("{FAE04EC0-301F-11D3-BF4B-00C04F79EFBC}") = "KeywordExtractor", "KeywordExtractor.csproj", "{6FE8BB78-BFCE-7F34-98E5-AB672468EE20}"
EndProject
Global
	GlobalSection(SolutionConfigurationPlatforms) = preSolution
		Debug|Any CPU = Debug|Any CPU
		Release|Any CPU = Release|Any CPU
	EndGlobalSection
	GlobalSection(ProjectConfigurationPlatforms) = postSolution
		{6FE8BB78-BFCE-7F34-98E5-AB672468EE20}.Debug|Any CPU.ActiveCfg = Debug|Any CPU
		{6FE8BB78-BFCE-7F34-98E5-AB672468EE20}.Debug|Any CPU.Build.0 = Debug|Any CPU
		{6FE8BB78-BFCE-7F34-98E5-AB672468EE20}.Release|Any CPU.ActiveCfg = Release|Any CPU
		{6FE8BB78-BFCE-7F34-98E5-AB672468EE20}.Release|Any CPU.Build.0 = Release|Any CPU
	EndGlobalSection
	GlobalSection(SolutionProperties) = preSolution
		HideSolutionNode = FALSE
	EndGlobalSection
	GlobalSection(ExtensibilityGlobals) = postSolution
		SolutionGuid = {E1ED4206-67E8-4E30-AFFF-2E446A6C4190}
	EndGlobalSection
EndGlobal
